// !$*UTF8*$!
{
	archiveVersion = 1;
	classes = {
	};
	objectVersion = 48;
	objects = {

/* Begin PBXBuildFile section */
		ACE03F40A85C5F3D495DE456 /* Pods_TimeCapsule.framework in Frameworks */ = {isa = PBXBuildFile; fileRef = 257AC94959C47A4016865CA2 /* Pods_TimeCapsule.framework */; };
		E804609B207617490009A83E /* UIExtension.swift in Sources */ = {isa = PBXBuildFile; fileRef = E804609A207617490009A83E /* UIExtension.swift */; };
		E87ADFA120B9776A001152CC /* TCTagListContainerView.swift in Sources */ = {isa = PBXBuildFile; fileRef = E87ADFA020B9776A001152CC /* TCTagListContainerView.swift */; };
		E87ADFA320B97997001152CC /* TCTagView.swift in Sources */ = {isa = PBXBuildFile; fileRef = E87ADFA220B97997001152CC /* TCTagView.swift */; };
		E87ADFA520B98200001152CC /* TCTimeListCreateContentView.swift in Sources */ = {isa = PBXBuildFile; fileRef = E87ADFA420B98200001152CC /* TCTimeListCreateContentView.swift */; };
		E87ADFC520BAE25E001152CC /* TCTimeListCreateNewItemCell.swift in Sources */ = {isa = PBXBuildFile; fileRef = E87ADFC420BAE25E001152CC /* TCTimeListCreateNewItemCell.swift */; };
		E87ADFCC20BAF643001152CC /* TCTimeListViewModels.swift in Sources */ = {isa = PBXBuildFile; fileRef = E87ADFCB20BAF643001152CC /* TCTimeListViewModels.swift */; };
		E87ADFCF20BAF721001152CC /* TCViewModelItem.swift in Sources */ = {isa = PBXBuildFile; fileRef = E87ADFCE20BAF721001152CC /* TCViewModelItem.swift */; };
		E89414FD2070E14F00703341 /* TCCheckBoxButton.swift in Sources */ = {isa = PBXBuildFile; fileRef = E89414FC2070E14F00703341 /* TCCheckBoxButton.swift */; };
		E896DF8720478E48004025F4 /* AppDelegate.swift in Sources */ = {isa = PBXBuildFile; fileRef = E896DF8620478E48004025F4 /* AppDelegate.swift */; };
		E896DF8C20478E48004025F4 /* Main.storyboard in Resources */ = {isa = PBXBuildFile; fileRef = E896DF8A20478E48004025F4 /* Main.storyboard */; };
		E896DF8E20478E48004025F4 /* Assets.xcassets in Resources */ = {isa = PBXBuildFile; fileRef = E896DF8D20478E48004025F4 /* Assets.xcassets */; };
		E896DF9120478E48004025F4 /* LaunchScreen.storyboard in Resources */ = {isa = PBXBuildFile; fileRef = E896DF8F20478E48004025F4 /* LaunchScreen.storyboard */; };
		E8A94AB62052DECF0091C300 /* TimeCapsuleTests.swift in Sources */ = {isa = PBXBuildFile; fileRef = E8A94AB52052DECF0091C300 /* TimeCapsuleTests.swift */; };
		E8A94AE7205405550091C300 /* TCTimeListViewController.swift in Sources */ = {isa = PBXBuildFile; fileRef = E8A94AD5205405540091C300 /* TCTimeListViewController.swift */; };
		E8A94AE8205405550091C300 /* TCTimeManager.swift in Sources */ = {isa = PBXBuildFile; fileRef = E8A94AD7205405540091C300 /* TCTimeManager.swift */; };
		E8A94AE9205405550091C300 /* TCTimeEventEditViewController.swift in Sources */ = {isa = PBXBuildFile; fileRef = E8A94ADA205405540091C300 /* TCTimeEventEditViewController.swift */; };
		E8A94AEA205405550091C300 /* TCEventContentViewModel.swift in Sources */ = {isa = PBXBuildFile; fileRef = E8A94ADC205405540091C300 /* TCEventContentViewModel.swift */; };
		E8A94AEB205405550091C300 /* TCEventModel.swift in Sources */ = {isa = PBXBuildFile; fileRef = E8A94ADD205405540091C300 /* TCEventModel.swift */; };
		E8A94AEC205405550091C300 /* TCEventShowModel.swift in Sources */ = {isa = PBXBuildFile; fileRef = E8A94ADE205405540091C300 /* TCEventShowModel.swift */; };
		E8A94AED205405550091C300 /* TCEventView.swift in Sources */ = {isa = PBXBuildFile; fileRef = E8A94AE1205405540091C300 /* TCEventView.swift */; };
		E8A94AEE205405550091C300 /* extension.swift in Sources */ = {isa = PBXBuildFile; fileRef = E8A94AE3205405540091C300 /* extension.swift */; };
		E8A94AEF205405550091C300 /* TCBasicNavigationController.swift in Sources */ = {isa = PBXBuildFile; fileRef = E8A94AE4205405540091C300 /* TCBasicNavigationController.swift */; };
		E8A94AF0205405550091C300 /* TCBasicViewController.swift in Sources */ = {isa = PBXBuildFile; fileRef = E8A94AE5205405540091C300 /* TCBasicViewController.swift */; };
		E8A94AF1205405550091C300 /* TCTimeAdapter.swift in Sources */ = {isa = PBXBuildFile; fileRef = E8A94AE6205405540091C300 /* TCTimeAdapter.swift */; };
		E8A94AF32054083E0091C300 /* TCCalenderPickerView.swift in Sources */ = {isa = PBXBuildFile; fileRef = E8A94AF22054083E0091C300 /* TCCalenderPickerView.swift */; };
		E8A94AF5205408940091C300 /* TCMonthPickerView.swift in Sources */ = {isa = PBXBuildFile; fileRef = E8A94AF4205408940091C300 /* TCMonthPickerView.swift */; };
		E8A94B1C205673300091C300 /* TCDatePickerView.swift in Sources */ = {isa = PBXBuildFile; fileRef = E8A94B1B205673300091C300 /* TCDatePickerView.swift */; };
		E8A94B21205677010091C300 /* TCPickerDataTool.swift in Sources */ = {isa = PBXBuildFile; fileRef = E8A94B20205677000091C300 /* TCPickerDataTool.swift */; };
		E8C8694D20B1CD720071AD7A /* TCTimeListViewCellTableViewCell.swift in Sources */ = {isa = PBXBuildFile; fileRef = E8C8694C20B1CD720071AD7A /* TCTimeListViewCellTableViewCell.swift */; };
		E8C8698F20B444A90071AD7A /* TCTimeListStateManager.swift in Sources */ = {isa = PBXBuildFile; fileRef = E8C8698E20B444A90071AD7A /* TCTimeListStateManager.swift */; };
		E8CF720F205951C9003FCCC2 /* TCClockPickerView.swift in Sources */ = {isa = PBXBuildFile; fileRef = E8CF720E205951C9003FCCC2 /* TCClockPickerView.swift */; };
		E8CF7211205957E8003FCCC2 /* TCClockView.swift in Sources */ = {isa = PBXBuildFile; fileRef = E8CF7210205957E8003FCCC2 /* TCClockView.swift */; };
		E8CF72132059662C003FCCC2 /* Marco.swift in Sources */ = {isa = PBXBuildFile; fileRef = E8CF72122059662C003FCCC2 /* Marco.swift */; };
		E8D4AC8F20BD300D0026C27A /* TCTimeListMaskView.swift in Sources */ = {isa = PBXBuildFile; fileRef = E8D4AC8E20BD300D0026C27A /* TCTimeListMaskView.swift */; };
/* End PBXBuildFile section */

/* Begin PBXContainerItemProxy section */
		E8A94AB82052DECF0091C300 /* PBXContainerItemProxy */ = {
			isa = PBXContainerItemProxy;
			containerPortal = E896DF7B20478E48004025F4 /* Project object */;
			proxyType = 1;
			remoteGlobalIDString = E896DF8220478E48004025F4;
			remoteInfo = TimeCapsule;
		};
/* End PBXContainerItemProxy section */

/* Begin PBXFileReference section */
		164E576BE0FDD676211F89F2 /* Pods-TimeCapsule.release.xcconfig */ = {isa = PBXFileReference; includeInIndex = 1; lastKnownFileType = text.xcconfig; name = "Pods-TimeCapsule.release.xcconfig"; path = "Pods/Target Support Files/Pods-TimeCapsule/Pods-TimeCapsule.release.xcconfig"; sourceTree = "<group>"; };
		257AC94959C47A4016865CA2 /* Pods_TimeCapsule.framework */ = {isa = PBXFileReference; explicitFileType = wrapper.framework; includeInIndex = 0; path = Pods_TimeCapsule.framework; sourceTree = BUILT_PRODUCTS_DIR; };
		DA388F0B4B11DFC214586FCF /* Pods-TimeCapsule.debug.xcconfig */ = {isa = PBXFileReference; includeInIndex = 1; lastKnownFileType = text.xcconfig; name = "Pods-TimeCapsule.debug.xcconfig"; path = "Pods/Target Support Files/Pods-TimeCapsule/Pods-TimeCapsule.debug.xcconfig"; sourceTree = "<group>"; };
		E804609A207617490009A83E /* UIExtension.swift */ = {isa = PBXFileReference; lastKnownFileType = sourcecode.swift; path = UIExtension.swift; sourceTree = "<group>"; };
		E87ADFA020B9776A001152CC /* TCTagListContainerView.swift */ = {isa = PBXFileReference; lastKnownFileType = sourcecode.swift; path = TCTagListContainerView.swift; sourceTree = "<group>"; };
		E87ADFA220B97997001152CC /* TCTagView.swift */ = {isa = PBXFileReference; lastKnownFileType = sourcecode.swift; path = TCTagView.swift; sourceTree = "<group>"; };
		E87ADFA420B98200001152CC /* TCTimeListCreateContentView.swift */ = {isa = PBXFileReference; lastKnownFileType = sourcecode.swift; path = TCTimeListCreateContentView.swift; sourceTree = "<group>"; };
		E87ADFC420BAE25E001152CC /* TCTimeListCreateNewItemCell.swift */ = {isa = PBXFileReference; lastKnownFileType = sourcecode.swift; path = TCTimeListCreateNewItemCell.swift; sourceTree = "<group>"; };
		E87ADFCB20BAF643001152CC /* TCTimeListViewModels.swift */ = {isa = PBXFileReference; lastKnownFileType = sourcecode.swift; path = TCTimeListViewModels.swift; sourceTree = "<group>"; };
		E87ADFCE20BAF721001152CC /* TCViewModelItem.swift */ = {isa = PBXFileReference; lastKnownFileType = sourcecode.swift; path = TCViewModelItem.swift; sourceTree = "<group>"; };
		E89414FC2070E14F00703341 /* TCCheckBoxButton.swift */ = {isa = PBXFileReference; lastKnownFileType = sourcecode.swift; path = TCCheckBoxButton.swift; sourceTree = "<group>"; };
		E896DF8320478E48004025F4 /* TimeCapsule.app */ = {isa = PBXFileReference; explicitFileType = wrapper.application; includeInIndex = 0; path = TimeCapsule.app; sourceTree = BUILT_PRODUCTS_DIR; };
		E896DF8620478E48004025F4 /* AppDelegate.swift */ = {isa = PBXFileReference; lastKnownFileType = sourcecode.swift; path = AppDelegate.swift; sourceTree = "<group>"; };
		E896DF8B20478E48004025F4 /* Base */ = {isa = PBXFileReference; lastKnownFileType = file.storyboard; name = Base; path = Base.lproj/Main.storyboard; sourceTree = "<group>"; };
		E896DF8D20478E48004025F4 /* Assets.xcassets */ = {isa = PBXFileReference; lastKnownFileType = folder.assetcatalog; path = Assets.xcassets; sourceTree = "<group>"; };
		E896DF9020478E48004025F4 /* Base */ = {isa = PBXFileReference; lastKnownFileType = file.storyboard; name = Base; path = Base.lproj/LaunchScreen.storyboard; sourceTree = "<group>"; };
		E896DF9220478E48004025F4 /* Info.plist */ = {isa = PBXFileReference; lastKnownFileType = text.plist.xml; path = Info.plist; sourceTree = "<group>"; };
		E8A94AB32052DECF0091C300 /* TimeCapsuleTests.xctest */ = {isa = PBXFileReference; explicitFileType = wrapper.cfbundle; includeInIndex = 0; path = TimeCapsuleTests.xctest; sourceTree = BUILT_PRODUCTS_DIR; };
		E8A94AB52052DECF0091C300 /* TimeCapsuleTests.swift */ = {isa = PBXFileReference; lastKnownFileType = sourcecode.swift; path = TimeCapsuleTests.swift; sourceTree = "<group>"; };
		E8A94AB72052DECF0091C300 /* Info.plist */ = {isa = PBXFileReference; lastKnownFileType = text.plist.xml; path = Info.plist; sourceTree = "<group>"; };
		E8A94AD5205405540091C300 /* TCTimeListViewController.swift */ = {isa = PBXFileReference; fileEncoding = 4; lastKnownFileType = sourcecode.swift; path = TCTimeListViewController.swift; sourceTree = "<group>"; };
		E8A94AD7205405540091C300 /* TCTimeManager.swift */ = {isa = PBXFileReference; fileEncoding = 4; lastKnownFileType = sourcecode.swift; path = TCTimeManager.swift; sourceTree = "<group>"; };
		E8A94ADA205405540091C300 /* TCTimeEventEditViewController.swift */ = {isa = PBXFileReference; fileEncoding = 4; lastKnownFileType = sourcecode.swift; path = TCTimeEventEditViewController.swift; sourceTree = "<group>"; };
		E8A94ADC205405540091C300 /* TCEventContentViewModel.swift */ = {isa = PBXFileReference; fileEncoding = 4; lastKnownFileType = sourcecode.swift; path = TCEventContentViewModel.swift; sourceTree = "<group>"; };
		E8A94ADD205405540091C300 /* TCEventModel.swift */ = {isa = PBXFileReference; fileEncoding = 4; lastKnownFileType = sourcecode.swift; path = TCEventModel.swift; sourceTree = "<group>"; };
		E8A94ADE205405540091C300 /* TCEventShowModel.swift */ = {isa = PBXFileReference; fileEncoding = 4; lastKnownFileType = sourcecode.swift; path = TCEventShowModel.swift; sourceTree = "<group>"; };
		E8A94AE1205405540091C300 /* TCEventView.swift */ = {isa = PBXFileReference; fileEncoding = 4; lastKnownFileType = sourcecode.swift; path = TCEventView.swift; sourceTree = "<group>"; };
		E8A94AE3205405540091C300 /* extension.swift */ = {isa = PBXFileReference; fileEncoding = 4; lastKnownFileType = sourcecode.swift; path = extension.swift; sourceTree = "<group>"; };
		E8A94AE4205405540091C300 /* TCBasicNavigationController.swift */ = {isa = PBXFileReference; fileEncoding = 4; lastKnownFileType = sourcecode.swift; path = TCBasicNavigationController.swift; sourceTree = "<group>"; };
		E8A94AE5205405540091C300 /* TCBasicViewController.swift */ = {isa = PBXFileReference; fileEncoding = 4; lastKnownFileType = sourcecode.swift; path = TCBasicViewController.swift; sourceTree = "<group>"; };
		E8A94AE6205405540091C300 /* TCTimeAdapter.swift */ = {isa = PBXFileReference; fileEncoding = 4; lastKnownFileType = sourcecode.swift; path = TCTimeAdapter.swift; sourceTree = "<group>"; };
		E8A94AF22054083E0091C300 /* TCCalenderPickerView.swift */ = {isa = PBXFileReference; lastKnownFileType = sourcecode.swift; path = TCCalenderPickerView.swift; sourceTree = "<group>"; };
		E8A94AF4205408940091C300 /* TCMonthPickerView.swift */ = {isa = PBXFileReference; lastKnownFileType = sourcecode.swift; path = TCMonthPickerView.swift; sourceTree = "<group>"; };
		E8A94B1B205673300091C300 /* TCDatePickerView.swift */ = {isa = PBXFileReference; lastKnownFileType = sourcecode.swift; path = TCDatePickerView.swift; sourceTree = "<group>"; };
		E8A94B20205677000091C300 /* TCPickerDataTool.swift */ = {isa = PBXFileReference; fileEncoding = 4; lastKnownFileType = sourcecode.swift; path = TCPickerDataTool.swift; sourceTree = "<group>"; };
		E8C8694C20B1CD720071AD7A /* TCTimeListViewCellTableViewCell.swift */ = {isa = PBXFileReference; lastKnownFileType = sourcecode.swift; path = TCTimeListViewCellTableViewCell.swift; sourceTree = "<group>"; };
		E8C8698E20B444A90071AD7A /* TCTimeListStateManager.swift */ = {isa = PBXFileReference; lastKnownFileType = sourcecode.swift; path = TCTimeListStateManager.swift; sourceTree = "<group>"; };
		E8CF720E205951C9003FCCC2 /* TCClockPickerView.swift */ = {isa = PBXFileReference; lastKnownFileType = sourcecode.swift; path = TCClockPickerView.swift; sourceTree = "<group>"; };
		E8CF7210205957E8003FCCC2 /* TCClockView.swift */ = {isa = PBXFileReference; lastKnownFileType = sourcecode.swift; path = TCClockView.swift; sourceTree = "<group>"; };
		E8CF72122059662C003FCCC2 /* Marco.swift */ = {isa = PBXFileReference; lastKnownFileType = sourcecode.swift; path = Marco.swift; sourceTree = "<group>"; };
		E8D4AC8E20BD300D0026C27A /* TCTimeListMaskView.swift */ = {isa = PBXFileReference; lastKnownFileType = sourcecode.swift; path = TCTimeListMaskView.swift; sourceTree = "<group>"; };
/* End PBXFileReference section */

/* Begin PBXFrameworksBuildPhase section */
		E896DF8020478E48004025F4 /* Frameworks */ = {
			isa = PBXFrameworksBuildPhase;
			buildActionMask = 2147483647;
			files = (
				ACE03F40A85C5F3D495DE456 /* Pods_TimeCapsule.framework in Frameworks */,
			);
			runOnlyForDeploymentPostprocessing = 0;
		};
		E8A94AB02052DECF0091C300 /* Frameworks */ = {
			isa = PBXFrameworksBuildPhase;
			buildActionMask = 2147483647;
			files = (
			);
			runOnlyForDeploymentPostprocessing = 0;
		};
/* End PBXFrameworksBuildPhase section */

/* Begin PBXGroup section */
		0CEB7CAAB3AB32AF0BCD7577 /* Pods */ = {
			isa = PBXGroup;
			children = (
				DA388F0B4B11DFC214586FCF /* Pods-TimeCapsule.debug.xcconfig */,
				164E576BE0FDD676211F89F2 /* Pods-TimeCapsule.release.xcconfig */,
			);
			name = Pods;
			sourceTree = "<group>";
		};
		E87ADFC620BAF12A001152CC /* Managers */ = {
			isa = PBXGroup;
			children = (
				E8C8698E20B444A90071AD7A /* TCTimeListStateManager.swift */,
			);
			path = Managers;
			sourceTree = "<group>";
		};
		E87ADFCA20BAF62B001152CC /* ViewModels */ = {
			isa = PBXGroup;
			children = (
				E87ADFCB20BAF643001152CC /* TCTimeListViewModels.swift */,
			);
			path = ViewModels;
			sourceTree = "<group>";
		};
		E87ADFCD20BAF6F4001152CC /* Models */ = {
			isa = PBXGroup;
			children = (
				E87ADFCE20BAF721001152CC /* TCViewModelItem.swift */,
			);
			path = Models;
			sourceTree = "<group>";
		};
		E89414FB2070E11800703341 /* EventEditor */ = {
			isa = PBXGroup;
			children = (
				E89414FC2070E14F00703341 /* TCCheckBoxButton.swift */,
			);
			path = EventEditor;
			sourceTree = "<group>";
		};
		E896DF7A20478E48004025F4 = {
			isa = PBXGroup;
			children = (
				E896DF8520478E48004025F4 /* TimeCapsule */,
				E8A94AB42052DECF0091C300 /* TimeCapsuleTests */,
				E896DF8420478E48004025F4 /* Products */,
				0CEB7CAAB3AB32AF0BCD7577 /* Pods */,
				F1A73220C21A93357349DE25 /* Frameworks */,
			);
			sourceTree = "<group>";
		};
		E896DF8420478E48004025F4 /* Products */ = {
			isa = PBXGroup;
			children = (
				E896DF8320478E48004025F4 /* TimeCapsule.app */,
				E8A94AB32052DECF0091C300 /* TimeCapsuleTests.xctest */,
			);
			name = Products;
			sourceTree = "<group>";
		};
		E896DF8520478E48004025F4 /* TimeCapsule */ = {
			isa = PBXGroup;
			children = (
				E8A94AD8205405540091C300 /* Editor */,
				E8A94AD4205405540091C300 /* TimeList */,
				E8A94AE2205405540091C300 /* Tools */,
				E896DF8620478E48004025F4 /* AppDelegate.swift */,
				E896DF8A20478E48004025F4 /* Main.storyboard */,
				E896DF8D20478E48004025F4 /* Assets.xcassets */,
				E896DF8F20478E48004025F4 /* LaunchScreen.storyboard */,
				E896DF9220478E48004025F4 /* Info.plist */,
			);
			path = TimeCapsule;
			sourceTree = "<group>";
		};
		E8A94AB42052DECF0091C300 /* TimeCapsuleTests */ = {
			isa = PBXGroup;
			children = (
				E8A94AB52052DECF0091C300 /* TimeCapsuleTests.swift */,
				E8A94AB72052DECF0091C300 /* Info.plist */,
			);
			path = TimeCapsuleTests;
			sourceTree = "<group>";
		};
		E8A94AD4205405540091C300 /* TimeList */ = {
			isa = PBXGroup;
			children = (
				E87ADFCD20BAF6F4001152CC /* Models */,
				E87ADFCA20BAF62B001152CC /* ViewModels */,
				E87ADFC620BAF12A001152CC /* Managers */,
				E8C8694920B1CC430071AD7A /* Views */,
				E8A94AD5205405540091C300 /* TCTimeListViewController.swift */,
			);
			path = TimeList;
			sourceTree = "<group>";
		};
		E8A94AD6205405540091C300 /* Models */ = {
			isa = PBXGroup;
			children = (
				E8A94AE6205405540091C300 /* TCTimeAdapter.swift */,
				E8A94AD7205405540091C300 /* TCTimeManager.swift */,
			);
			path = Models;
			sourceTree = "<group>";
		};
		E8A94AD8205405540091C300 /* Editor */ = {
			isa = PBXGroup;
			children = (
				E8A94AD9205405540091C300 /* Controllers */,
				E8A94ADB205405540091C300 /* Models */,
				E8A94B1F205677000091C300 /* Tools */,
				E8A94AE0205405540091C300 /* Views */,
			);
			path = Editor;
			sourceTree = "<group>";
		};
		E8A94AD9205405540091C300 /* Controllers */ = {
			isa = PBXGroup;
			children = (
				E8A94ADA205405540091C300 /* TCTimeEventEditViewController.swift */,
			);
			path = Controllers;
			sourceTree = "<group>";
		};
		E8A94ADB205405540091C300 /* Models */ = {
			isa = PBXGroup;
			children = (
				E8A94ADC205405540091C300 /* TCEventContentViewModel.swift */,
				E8A94ADD205405540091C300 /* TCEventModel.swift */,
				E8A94ADE205405540091C300 /* TCEventShowModel.swift */,
			);
			path = Models;
			sourceTree = "<group>";
		};
		E8A94AE0205405540091C300 /* Views */ = {
			isa = PBXGroup;
			children = (
				E89414FB2070E11800703341 /* EventEditor */,
				E8CF720D2059518F003FCCC2 /* TimePicker */,
				E8A94AF8205582500091C300 /* DatePicker */,
				E8A94AE1205405540091C300 /* TCEventView.swift */,
			);
			path = Views;
			sourceTree = "<group>";
		};
		E8A94AE2205405540091C300 /* Tools */ = {
			isa = PBXGroup;
			children = (
				E8A94AD6205405540091C300 /* Models */,
				E8A94AE3205405540091C300 /* extension.swift */,
				E8A94AE4205405540091C300 /* TCBasicNavigationController.swift */,
				E8A94AE5205405540091C300 /* TCBasicViewController.swift */,
				E8CF72122059662C003FCCC2 /* Marco.swift */,
				E804609A207617490009A83E /* UIExtension.swift */,
			);
			path = Tools;
			sourceTree = "<group>";
		};
		E8A94AF8205582500091C300 /* DatePicker */ = {
			isa = PBXGroup;
			children = (
				E8A94AF22054083E0091C300 /* TCCalenderPickerView.swift */,
				E8A94AF4205408940091C300 /* TCMonthPickerView.swift */,
				E8A94B1B205673300091C300 /* TCDatePickerView.swift */,
			);
			path = DatePicker;
			sourceTree = "<group>";
		};
		E8A94B1F205677000091C300 /* Tools */ = {
			isa = PBXGroup;
			children = (
				E8A94B20205677000091C300 /* TCPickerDataTool.swift */,
			);
			path = Tools;
			sourceTree = "<group>";
		};
		E8C8694920B1CC430071AD7A /* Views */ = {
			isa = PBXGroup;
			children = (
				E8D4AC9A20BED3E40026C27A /* Cells */,
				E87ADFA020B9776A001152CC /* TCTagListContainerView.swift */,
				E87ADFA220B97997001152CC /* TCTagView.swift */,
				E87ADFA420B98200001152CC /* TCTimeListCreateContentView.swift */,
				E8D4AC8E20BD300D0026C27A /* TCTimeListMaskView.swift */,
			);
			path = Views;
			sourceTree = "<group>";
		};
		E8CF720D2059518F003FCCC2 /* TimePicker */ = {
			isa = PBXGroup;
			children = (
				E8CF720E205951C9003FCCC2 /* TCClockPickerView.swift */,
				E8CF7210205957E8003FCCC2 /* TCClockView.swift */,
			);
			path = TimePicker;
			sourceTree = "<group>";
		};
		E8D4AC9A20BED3E40026C27A /* Cells */ = {
			isa = PBXGroup;
			children = (
				E8C8694C20B1CD720071AD7A /* TCTimeListViewCellTableViewCell.swift */,
				E87ADFC420BAE25E001152CC /* TCTimeListCreateNewItemCell.swift */,
			);
			path = Cells;
			sourceTree = "<group>";
		};
		F1A73220C21A93357349DE25 /* Frameworks */ = {
			isa = PBXGroup;
			children = (
				257AC94959C47A4016865CA2 /* Pods_TimeCapsule.framework */,
			);
			name = Frameworks;
			sourceTree = "<group>";
		};
/* End PBXGroup section */

/* Begin PBXNativeTarget section */
		E896DF8220478E48004025F4 /* TimeCapsule */ = {
			isa = PBXNativeTarget;
			buildConfigurationList = E896DF9520478E48004025F4 /* Build configuration list for PBXNativeTarget "TimeCapsule" */;
			buildPhases = (
				9807E9A96A35558F2E65A77B /* [CP] Check Pods Manifest.lock */,
				E896DF7F20478E48004025F4 /* Sources */,
				E896DF8020478E48004025F4 /* Frameworks */,
				E896DF8120478E48004025F4 /* Resources */,
				F5963C06E105046529B6B92A /* [CP] Embed Pods Frameworks */,
				FFC5C6AC655CD497DA56DEED /* [CP] Copy Pods Resources */,
			);
			buildRules = (
			);
			dependencies = (
			);
			name = TimeCapsule;
			productName = TimeCapsule;
			productReference = E896DF8320478E48004025F4 /* TimeCapsule.app */;
			productType = "com.apple.product-type.application";
		};
		E8A94AB22052DECF0091C300 /* TimeCapsuleTests */ = {
			isa = PBXNativeTarget;
			buildConfigurationList = E8A94ABA2052DECF0091C300 /* Build configuration list for PBXNativeTarget "TimeCapsuleTests" */;
			buildPhases = (
				E8A94AAF2052DECF0091C300 /* Sources */,
				E8A94AB02052DECF0091C300 /* Frameworks */,
				E8A94AB12052DECF0091C300 /* Resources */,
			);
			buildRules = (
			);
			dependencies = (
				E8A94AB92052DECF0091C300 /* PBXTargetDependency */,
			);
			name = TimeCapsuleTests;
			productName = TimeCapsuleTests;
			productReference = E8A94AB32052DECF0091C300 /* TimeCapsuleTests.xctest */;
			productType = "com.apple.product-type.bundle.unit-test";
		};
/* End PBXNativeTarget section */

/* Begin PBXProject section */
		E896DF7B20478E48004025F4 /* Project object */ = {
			isa = PBXProject;
			attributes = {
				CLASSPREFIX = TC;
				LastSwiftUpdateCheck = 0920;
				LastUpgradeCheck = 0920;
				ORGANIZATIONNAME = zkhCreator;
				TargetAttributes = {
					E896DF8220478E48004025F4 = {
						CreatedOnToolsVersion = 9.2;
						ProvisioningStyle = Automatic;
					};
					E8A94AB22052DECF0091C300 = {
						CreatedOnToolsVersion = 9.2;
						ProvisioningStyle = Automatic;
						TestTargetID = E896DF8220478E48004025F4;
					};
				};
			};
			buildConfigurationList = E896DF7E20478E48004025F4 /* Build configuration list for PBXProject "TimeCapsule" */;
			compatibilityVersion = "Xcode 8.0";
			developmentRegion = en;
			hasScannedForEncodings = 0;
			knownRegions = (
				en,
				Base,
			);
			mainGroup = E896DF7A20478E48004025F4;
			productRefGroup = E896DF8420478E48004025F4 /* Products */;
			projectDirPath = "";
			projectRoot = "";
			targets = (
				E896DF8220478E48004025F4 /* TimeCapsule */,
				E8A94AB22052DECF0091C300 /* TimeCapsuleTests */,
			);
		};
/* End PBXProject section */

/* Begin PBXResourcesBuildPhase section */
		E896DF8120478E48004025F4 /* Resources */ = {
			isa = PBXResourcesBuildPhase;
			buildActionMask = 2147483647;
			files = (
				E896DF9120478E48004025F4 /* LaunchScreen.storyboard in Resources */,
				E896DF8E20478E48004025F4 /* Assets.xcassets in Resources */,
				E896DF8C20478E48004025F4 /* Main.storyboard in Resources */,
			);
			runOnlyForDeploymentPostprocessing = 0;
		};
		E8A94AB12052DECF0091C300 /* Resources */ = {
			isa = PBXResourcesBuildPhase;
			buildActionMask = 2147483647;
			files = (
			);
			runOnlyForDeploymentPostprocessing = 0;
		};
/* End PBXResourcesBuildPhase section */

/* Begin PBXShellScriptBuildPhase section */
		9807E9A96A35558F2E65A77B /* [CP] Check Pods Manifest.lock */ = {
			isa = PBXShellScriptBuildPhase;
			buildActionMask = 2147483647;
			files = (
			);
			inputPaths = (
				"${PODS_PODFILE_DIR_PATH}/Podfile.lock",
				"${PODS_ROOT}/Manifest.lock",
			);
			name = "[CP] Check Pods Manifest.lock";
			outputPaths = (
				"$(DERIVED_FILE_DIR)/Pods-TimeCapsule-checkManifestLockResult.txt",
			);
			runOnlyForDeploymentPostprocessing = 0;
			shellPath = /bin/sh;
			shellScript = "diff \"${PODS_PODFILE_DIR_PATH}/Podfile.lock\" \"${PODS_ROOT}/Manifest.lock\" > /dev/null\nif [ $? != 0 ] ; then\n    # print error to STDERR\n    echo \"error: The sandbox is not in sync with the Podfile.lock. Run 'pod install' or update your CocoaPods installation.\" >&2\n    exit 1\nfi\n# This output is used by Xcode 'outputs' to avoid re-running this script phase.\necho \"SUCCESS\" > \"${SCRIPT_OUTPUT_FILE_0}\"\n";
			showEnvVarsInLog = 0;
		};
		F5963C06E105046529B6B92A /* [CP] Embed Pods Frameworks */ = {
			isa = PBXShellScriptBuildPhase;
			buildActionMask = 2147483647;
			files = (
			);
			inputPaths = (
				"${SRCROOT}/Pods/Target Support Files/Pods-TimeCapsule/Pods-TimeCapsule-frameworks.sh",
				"${BUILT_PRODUCTS_DIR}/SnapKit/SnapKit.framework",
			);
			name = "[CP] Embed Pods Frameworks";
			outputPaths = (
				"${TARGET_BUILD_DIR}/${FRAMEWORKS_FOLDER_PATH}/SnapKit.framework",
			);
			runOnlyForDeploymentPostprocessing = 0;
			shellPath = /bin/sh;
			shellScript = "\"${SRCROOT}/Pods/Target Support Files/Pods-TimeCapsule/Pods-TimeCapsule-frameworks.sh\"\n";
			showEnvVarsInLog = 0;
		};
		FFC5C6AC655CD497DA56DEED /* [CP] Copy Pods Resources */ = {
			isa = PBXShellScriptBuildPhase;
			buildActionMask = 2147483647;
			files = (
			);
			inputPaths = (
			);
			name = "[CP] Copy Pods Resources";
			outputPaths = (
			);
			runOnlyForDeploymentPostprocessing = 0;
			shellPath = /bin/sh;
			shellScript = "\"${SRCROOT}/Pods/Target Support Files/Pods-TimeCapsule/Pods-TimeCapsule-resources.sh\"\n";
			showEnvVarsInLog = 0;
		};
/* End PBXShellScriptBuildPhase section */

/* Begin PBXSourcesBuildPhase section */
		E896DF7F20478E48004025F4 /* Sources */ = {
			isa = PBXSourcesBuildPhase;
			buildActionMask = 2147483647;
			files = (
				E8A94AED205405550091C300 /* TCEventView.swift in Sources */,
				E8A94B21205677010091C300 /* TCPickerDataTool.swift in Sources */,
				E87ADFA320B97997001152CC /* TCTagView.swift in Sources */,
				E8A94AE7205405550091C300 /* TCTimeListViewController.swift in Sources */,
				E89414FD2070E14F00703341 /* TCCheckBoxButton.swift in Sources */,
				E8A94AEE205405550091C300 /* extension.swift in Sources */,
				E8D4AC8F20BD300D0026C27A /* TCTimeListMaskView.swift in Sources */,
				E896DF8720478E48004025F4 /* AppDelegate.swift in Sources */,
				E8A94B1C205673300091C300 /* TCDatePickerView.swift in Sources */,
				E8CF72132059662C003FCCC2 /* Marco.swift in Sources */,
				E8A94AF5205408940091C300 /* TCMonthPickerView.swift in Sources */,
				E8A94AEF205405550091C300 /* TCBasicNavigationController.swift in Sources */,
				E8C8698F20B444A90071AD7A /* TCTimeListStateManager.swift in Sources */,
				E804609B207617490009A83E /* UIExtension.swift in Sources */,
				E87ADFA120B9776A001152CC /* TCTagListContainerView.swift in Sources */,
				E87ADFC520BAE25E001152CC /* TCTimeListCreateNewItemCell.swift in Sources */,
				E8A94AF32054083E0091C300 /* TCCalenderPickerView.swift in Sources */,
				E87ADFCF20BAF721001152CC /* TCViewModelItem.swift in Sources */,
				E87ADFA520B98200001152CC /* TCTimeListCreateContentView.swift in Sources */,
				E8C8694D20B1CD720071AD7A /* TCTimeListViewCellTableViewCell.swift in Sources */,
				E8CF720F205951C9003FCCC2 /* TCClockPickerView.swift in Sources */,
				E8CF7211205957E8003FCCC2 /* TCClockView.swift in Sources */,
				E8A94AF1205405550091C300 /* TCTimeAdapter.swift in Sources */,
				E8A94AF0205405550091C300 /* TCBasicViewController.swift in Sources */,
				E8A94AE8205405550091C300 /* TCTimeManager.swift in Sources */,
				E8A94AEC205405550091C300 /* TCEventShowModel.swift in Sources */,
				E8A94AEA205405550091C300 /* TCEventContentViewModel.swift in Sources */,
				E8A94AEB205405550091C300 /* TCEventModel.swift in Sources */,
				E87ADFCC20BAF643001152CC /* TCTimeListViewModels.swift in Sources */,
				E8A94AE9205405550091C300 /* TCTimeEventEditViewController.swift in Sources */,
			);
			runOnlyForDeploymentPostprocessing = 0;
		};
		E8A94AAF2052DECF0091C300 /* Sources */ = {
			isa = PBXSourcesBuildPhase;
			buildActionMask = 2147483647;
			files = (
				E8A94AB62052DECF0091C300 /* TimeCapsuleTests.swift in Sources */,
			);
			runOnlyForDeploymentPostprocessing = 0;
		};
/* End PBXSourcesBuildPhase section */

/* Begin PBXTargetDependency section */
		E8A94AB92052DECF0091C300 /* PBXTargetDependency */ = {
			isa = PBXTargetDependency;
			target = E896DF8220478E48004025F4 /* TimeCapsule */;
			targetProxy = E8A94AB82052DECF0091C300 /* PBXContainerItemProxy */;
		};
/* End PBXTargetDependency section */

/* Begin PBXVariantGroup section */
		E896DF8A20478E48004025F4 /* Main.storyboard */ = {
			isa = PBXVariantGroup;
			children = (
				E896DF8B20478E48004025F4 /* Base */,
			);
			name = Main.storyboard;
			sourceTree = "<group>";
		};
		E896DF8F20478E48004025F4 /* LaunchScreen.storyboard */ = {
			isa = PBXVariantGroup;
			children = (
				E896DF9020478E48004025F4 /* Base */,
			);
			name = LaunchScreen.storyboard;
			sourceTree = "<group>";
		};
/* End PBXVariantGroup section */

/* Begin XCBuildConfiguration section */
		E896DF9320478E48004025F4 /* Debug */ = {
			isa = XCBuildConfiguration;
			buildSettings = {
				ALWAYS_SEARCH_USER_PATHS = NO;
				CLANG_ANALYZER_NONNULL = YES;
				CLANG_ANALYZER_NUMBER_OBJECT_CONVERSION = YES_AGGRESSIVE;
				CLANG_CXX_LANGUAGE_STANDARD = "gnu++14";
				CLANG_CXX_LIBRARY = "libc++";
				CLANG_ENABLE_MODULES = YES;
				CLANG_ENABLE_OBJC_ARC = YES;
				CLANG_WARN_BLOCK_CAPTURE_AUTORELEASING = YES;
				CLANG_WARN_BOOL_CONVERSION = YES;
				CLANG_WARN_COMMA = YES;
				CLANG_WARN_CONSTANT_CONVERSION = YES;
				CLANG_WARN_DIRECT_OBJC_ISA_USAGE = YES_ERROR;
				CLANG_WARN_DOCUMENTATION_COMMENTS = YES;
				CLANG_WARN_EMPTY_BODY = YES;
				CLANG_WARN_ENUM_CONVERSION = YES;
				CLANG_WARN_INFINITE_RECURSION = YES;
				CLANG_WARN_INT_CONVERSION = YES;
				CLANG_WARN_NON_LITERAL_NULL_CONVERSION = YES;
				CLANG_WARN_OBJC_LITERAL_CONVERSION = YES;
				CLANG_WARN_OBJC_ROOT_CLASS = YES_ERROR;
				CLANG_WARN_RANGE_LOOP_ANALYSIS = YES;
				CLANG_WARN_STRICT_PROTOTYPES = YES;
				CLANG_WARN_SUSPICIOUS_MOVE = YES;
				CLANG_WARN_UNGUARDED_AVAILABILITY = YES_AGGRESSIVE;
				CLANG_WARN_UNREACHABLE_CODE = YES;
				CLANG_WARN__DUPLICATE_METHOD_MATCH = YES;
				CODE_SIGN_IDENTITY = "iPhone Developer";
				COPY_PHASE_STRIP = NO;
				DEBUG_INFORMATION_FORMAT = dwarf;
				ENABLE_STRICT_OBJC_MSGSEND = YES;
				ENABLE_TESTABILITY = YES;
				GCC_C_LANGUAGE_STANDARD = gnu11;
				GCC_DYNAMIC_NO_PIC = NO;
				GCC_NO_COMMON_BLOCKS = YES;
				GCC_OPTIMIZATION_LEVEL = 0;
				GCC_PREPROCESSOR_DEFINITIONS = (
					"DEBUG=1",
					"$(inherited)",
				);
				GCC_WARN_64_TO_32_BIT_CONVERSION = YES;
				GCC_WARN_ABOUT_RETURN_TYPE = YES_ERROR;
				GCC_WARN_UNDECLARED_SELECTOR = YES;
				GCC_WARN_UNINITIALIZED_AUTOS = YES_AGGRESSIVE;
				GCC_WARN_UNUSED_FUNCTION = YES;
				GCC_WARN_UNUSED_VARIABLE = YES;
				IPHONEOS_DEPLOYMENT_TARGET = 11.2;
				MTL_ENABLE_DEBUG_INFO = YES;
				ONLY_ACTIVE_ARCH = YES;
				SDKROOT = iphoneos;
				SWIFT_ACTIVE_COMPILATION_CONDITIONS = DEBUG;
				SWIFT_OPTIMIZATION_LEVEL = "-Onone";
			};
			name = Debug;
		};
		E896DF9420478E48004025F4 /* Release */ = {
			isa = XCBuildConfiguration;
			buildSettings = {
				ALWAYS_SEARCH_USER_PATHS = NO;
				CLANG_ANALYZER_NONNULL = YES;
				CLANG_ANALYZER_NUMBER_OBJECT_CONVERSION = YES_AGGRESSIVE;
				CLANG_CXX_LANGUAGE_STANDARD = "gnu++14";
				CLANG_CXX_LIBRARY = "libc++";
				CLANG_ENABLE_MODULES = YES;
				CLANG_ENABLE_OBJC_ARC = YES;
				CLANG_WARN_BLOCK_CAPTURE_AUTORELEASING = YES;
				CLANG_WARN_BOOL_CONVERSION = YES;
				CLANG_WARN_COMMA = YES;
				CLANG_WARN_CONSTANT_CONVERSION = YES;
				CLANG_WARN_DIRECT_OBJC_ISA_USAGE = YES_ERROR;
				CLANG_WARN_DOCUMENTATION_COMMENTS = YES;
				CLANG_WARN_EMPTY_BODY = YES;
				CLANG_WARN_ENUM_CONVERSION = YES;
				CLANG_WARN_INFINITE_RECURSION = YES;
				CLANG_WARN_INT_CONVERSION = YES;
				CLANG_WARN_NON_LITERAL_NULL_CONVERSION = YES;
				CLANG_WARN_OBJC_LITERAL_CONVERSION = YES;
				CLANG_WARN_OBJC_ROOT_CLASS = YES_ERROR;
				CLANG_WARN_RANGE_LOOP_ANALYSIS = YES;
				CLANG_WARN_STRICT_PROTOTYPES = YES;
				CLANG_WARN_SUSPICIOUS_MOVE = YES;
				CLANG_WARN_UNGUARDED_AVAILABILITY = YES_AGGRESSIVE;
				CLANG_WARN_UNREACHABLE_CODE = YES;
				CLANG_WARN__DUPLICATE_METHOD_MATCH = YES;
				CODE_SIGN_IDENTITY = "iPhone Developer";
				COPY_PHASE_STRIP = NO;
				DEBUG_INFORMATION_FORMAT = "dwarf-with-dsym";
				ENABLE_NS_ASSERTIONS = NO;
				ENABLE_STRICT_OBJC_MSGSEND = YES;
				GCC_C_LANGUAGE_STANDARD = gnu11;
				GCC_NO_COMMON_BLOCKS = YES;
				GCC_WARN_64_TO_32_BIT_CONVERSION = YES;
				GCC_WARN_ABOUT_RETURN_TYPE = YES_ERROR;
				GCC_WARN_UNDECLARED_SELECTOR = YES;
				GCC_WARN_UNINITIALIZED_AUTOS = YES_AGGRESSIVE;
				GCC_WARN_UNUSED_FUNCTION = YES;
				GCC_WARN_UNUSED_VARIABLE = YES;
				IPHONEOS_DEPLOYMENT_TARGET = 11.2;
				MTL_ENABLE_DEBUG_INFO = NO;
				SDKROOT = iphoneos;
				SWIFT_OPTIMIZATION_LEVEL = "-Owholemodule";
				VALIDATE_PRODUCT = YES;
			};
			name = Release;
		};
		E896DF9620478E48004025F4 /* Debug */ = {
			isa = XCBuildConfiguration;
			baseConfigurationReference = DA388F0B4B11DFC214586FCF /* Pods-TimeCapsule.debug.xcconfig */;
			buildSettings = {
				ASSETCATALOG_COMPILER_APPICON_NAME = AppIcon;
				CODE_SIGN_STYLE = Automatic;
				DEVELOPMENT_TEAM = 2322UT7HH9;
				INFOPLIST_FILE = TimeCapsule/Info.plist;
				LD_RUNPATH_SEARCH_PATHS = "$(inherited) @executable_path/Frameworks";
				PRODUCT_BUNDLE_IDENTIFIER = zkhCreator.TimeCapsule;
				PRODUCT_NAME = "$(TARGET_NAME)";
				SWIFT_VERSION = 4.0;
				TARGETED_DEVICE_FAMILY = "1,2";
			};
			name = Debug;
		};
		E896DF9720478E48004025F4 /* Release */ = {
			isa = XCBuildConfiguration;
			baseConfigurationReference = 164E576BE0FDD676211F89F2 /* Pods-TimeCapsule.release.xcconfig */;
			buildSettings = {
				ASSETCATALOG_COMPILER_APPICON_NAME = AppIcon;
				CODE_SIGN_STYLE = Automatic;
				DEVELOPMENT_TEAM = 2322UT7HH9;
				INFOPLIST_FILE = TimeCapsule/Info.plist;
				LD_RUNPATH_SEARCH_PATHS = "$(inherited) @executable_path/Frameworks";
				PRODUCT_BUNDLE_IDENTIFIER = zkhCreator.TimeCapsule;
				PRODUCT_NAME = "$(TARGET_NAME)";
				SWIFT_VERSION = 4.0;
				TARGETED_DEVICE_FAMILY = "1,2";
			};
			name = Release;
		};
		E8A94ABB2052DECF0091C300 /* Debug */ = {
			isa = XCBuildConfiguration;
			buildSettings = {
				BUNDLE_LOADER = "$(TEST_HOST)";
				CODE_SIGN_STYLE = Automatic;
				DEVELOPMENT_TEAM = 2322UT7HH9;
				INFOPLIST_FILE = TimeCapsuleTests/Info.plist;
				LD_RUNPATH_SEARCH_PATHS = "$(inherited) @executable_path/Frameworks @loader_path/Frameworks";
				PRODUCT_BUNDLE_IDENTIFIER = zkhCreator.TimeCapsuleTests;
				PRODUCT_NAME = "$(TARGET_NAME)";
				SWIFT_VERSION = 4.0;
				TARGETED_DEVICE_FAMILY = "1,2";
				TEST_HOST = "$(BUILT_PRODUCTS_DIR)/TimeCapsule.app/TimeCapsule";
			};
			name = Debug;
		};
		E8A94ABC2052DECF0091C300 /* Release */ = {
			isa = XCBuildConfiguration;
			buildSettings = {
				BUNDLE_LOADER = "$(TEST_HOST)";
				CODE_SIGN_STYLE = Automatic;
				DEVELOPMENT_TEAM = 2322UT7HH9;
				INFOPLIST_FILE = TimeCapsuleTests/Info.plist;
				LD_RUNPATH_SEARCH_PATHS = "$(inherited) @executable_path/Frameworks @loader_path/Frameworks";
				PRODUCT_BUNDLE_IDENTIFIER = zkhCreator.TimeCapsuleTests;
				PRODUCT_NAME = "$(TARGET_NAME)";
				SWIFT_VERSION = 4.0;
				TARGETED_DEVICE_FAMILY = "1,2";
				TEST_HOST = "$(BUILT_PRODUCTS_DIR)/TimeCapsule.app/TimeCapsule";
			};
			name = Release;
		};
/* End XCBuildConfiguration section */

/* Begin XCConfigurationList section */
		E896DF7E20478E48004025F4 /* Build configuration list for PBXProject "TimeCapsule" */ = {
			isa = XCConfigurationList;
			buildConfigurations = (
				E896DF9320478E48004025F4 /* Debug */,
				E896DF9420478E48004025F4 /* Release */,
			);
			defaultConfigurationIsVisible = 0;
			defaultConfigurationName = Release;
		};
		E896DF9520478E48004025F4 /* Build configuration list for PBXNativeTarget "TimeCapsule" */ = {
			isa = XCConfigurationList;
			buildConfigurations = (
				E896DF9620478E48004025F4 /* Debug */,
				E896DF9720478E48004025F4 /* Release */,
			);
			defaultConfigurationIsVisible = 0;
			defaultConfigurationName = Release;
		};
		E8A94ABA2052DECF0091C300 /* Build configuration list for PBXNativeTarget "TimeCapsuleTests" */ = {
			isa = XCConfigurationList;
			buildConfigurations = (
				E8A94ABB2052DECF0091C300 /* Debug */,
				E8A94ABC2052DECF0091C300 /* Release */,
			);
			defaultConfigurationIsVisible = 0;
			defaultConfigurationName = Release;
		};
/* End XCConfigurationList section */
	};
	rootObject = E896DF7B20478E48004025F4 /* Project object */;
}
